
Microsoft Visual Studio Solution File, Format Version 12.00
# Visual Studio Version 17
VisualStudioVersion = 17.7.34024.191
MinimumVisualStudioVersion = 10.0.40219.1
Project("{8BC9CEB8-8B4A-11D0-8D11-00A0C91BC942}") = "2023-01-10-homework3", "2023-01-10-homework3.vcxproj", "{B232A8DD-A933-4DC1-9461-02B4E423E3E3}"
EndProject
Global
	GlobalSection(SolutionConfigurationPlatforms) = preSolution
		Debug|x64 = Debug|x64
		Debug|x86 = Debug|x86
		Release|x64 = Release|x64
		Release|x86 = Release|x86
	EndGlobalSection
	GlobalSection(ProjectConfigurationPlatforms) = postSolution
		{B232A8DD-A933-4DC1-9461-02B4E423E3E3}.Debug|x64.ActiveCfg = Debug|x64
		{B232A8DD-A933-4DC1-9461-02B4E423E3E3}.Debug|x64.Build.0 = Debug|x64
		{B232A8DD-A933-4DC1-9461-02B4E423E3E3}.Debug|x86.ActiveCfg = Debug|Win32
		{B232A8DD-A933-4DC1-9461-02B4E423E3E3}.Debug|x86.Build.0 = Debug|Win32
		{B232A8DD-A933-4DC1-9461-02B4E423E3E3}.Release|x64.ActiveCfg = Release|x64
		{B232A8DD-A933-4DC1-9461-02B4E423E3E3}.Release|x64.Build.0 = Release|x64
		{B232A8DD-A933-4DC1-9461-02B4E423E3E3}.Release|x86.ActiveCfg = Release|Win32
		{B232A8DD-A933-4DC1-9461-02B4E423E3E3}.Release|x86.Build.0 = Release|Win32
	EndGlobalSection
	GlobalSection(SolutionProperties) = preSolution
		HideSolutionNode = FALSE
	EndGlobalSection
	GlobalSection(ExtensibilityGlobals) = postSolution
		SolutionGuid = {CEDF06B2-114F-49BB-B53A-04D05D1D0BE8}
	EndGlobalSection
EndGlobal
