
Microsoft Visual Studio Solution File, Format Version 12.00
# Visual Studio Version 17
VisualStudioVersion = 17.7.34024.191
MinimumVisualStudioVersion = 10.0.40219.1
Project("{8BC9CEB8-8B4A-11D0-8D11-00A0C91BC942}") = "Project2", "Project2.vcxproj", "{18BB3709-651B-47BB-8413-ABCBC131D612}"
EndProject
Global
	GlobalSection(SolutionConfigurationPlatforms) = preSolution
		Debug|x64 = Debug|x64
		Debug|x86 = Debug|x86
		Release|x64 = Release|x64
		Release|x86 = Release|x86
	EndGlobalSection
	GlobalSection(ProjectConfigurationPlatforms) = postSolution
		{18BB3709-651B-47BB-8413-ABCBC131D612}.Debug|x64.ActiveCfg = Debug|x64
		{18BB3709-651B-47BB-8413-ABCBC131D612}.Debug|x64.Build.0 = Debug|x64
		{18BB3709-651B-47BB-8413-ABCBC131D612}.Debug|x86.ActiveCfg = Debug|Win32
		{18BB3709-651B-47BB-8413-ABCBC131D612}.Debug|x86.Build.0 = Debug|Win32
		{18BB3709-651B-47BB-8413-ABCBC131D612}.Release|x64.ActiveCfg = Release|x64
		{18BB3709-651B-47BB-8413-ABCBC131D612}.Release|x64.Build.0 = Release|x64
		{18BB3709-651B-47BB-8413-ABCBC131D612}.Release|x86.ActiveCfg = Release|Win32
		{18BB3709-651B-47BB-8413-ABCBC131D612}.Release|x86.Build.0 = Release|Win32
	EndGlobalSection
	GlobalSection(SolutionProperties) = preSolution
		HideSolutionNode = FALSE
	EndGlobalSection
	GlobalSection(ExtensibilityGlobals) = postSolution
		SolutionGuid = {9761DDC5-C180-4766-AA80-B347C5E1182E}
	EndGlobalSection
EndGlobal
