
Microsoft Visual Studio Solution File, Format Version 12.00
# Visual Studio Version 17
VisualStudioVersion = 17.7.34024.191
MinimumVisualStudioVersion = 10.0.40219.1
Project("{8BC9CEB8-8B4A-11D0-8D11-00A0C91BC942}") = "Task1", "..\Task1\Task1.vcxproj", "{A0EA6E76-98DE-4AC1-9F2E-50616DE28893}"
EndProject
Project("{8BC9CEB8-8B4A-11D0-8D11-00A0C91BC942}") = "Task2", "..\Task2\Task2.vcxproj", "{10BB6B53-C391-4D70-B513-4A32064B4A11}"
EndProject
Project("{8BC9CEB8-8B4A-11D0-8D11-00A0C91BC942}") = "Task3", "..\Task3\Task3.vcxproj", "{AEC2486B-C8A9-4358-AAF2-459F41457235}"
EndProject
Project("{8BC9CEB8-8B4A-11D0-8D11-00A0C91BC942}") = "Task4", "..\Task4\Task4.vcxproj", "{93E4CDF5-04AD-4329-AF4A-925D367DD6D4}"
EndProject
Project("{8BC9CEB8-8B4A-11D0-8D11-00A0C91BC942}") = "Task5", "..\Task5\Task5.vcxproj", "{7DEC6FD7-A7A7-42A0-BC75-0905AFE53CF3}"
EndProject
Project("{8BC9CEB8-8B4A-11D0-8D11-00A0C91BC942}") = "Task6", "..\Task6\Task6.vcxproj", "{39CDE34A-B800-4F3A-AF90-EFAA50EA9E50}"
EndProject
Project("{8BC9CEB8-8B4A-11D0-8D11-00A0C91BC942}") = "Task7", "Task7\Task7.vcxproj", "{F44CCDB8-1131-4385-AE76-42F52D1FB1E1}"
EndProject
Global
	GlobalSection(SolutionConfigurationPlatforms) = preSolution
		Debug|x64 = Debug|x64
		Debug|x86 = Debug|x86
		Release|x64 = Release|x64
		Release|x86 = Release|x86
	EndGlobalSection
	GlobalSection(ProjectConfigurationPlatforms) = postSolution
		{A0EA6E76-98DE-4AC1-9F2E-50616DE28893}.Debug|x64.ActiveCfg = Debug|x64
		{A0EA6E76-98DE-4AC1-9F2E-50616DE28893}.Debug|x64.Build.0 = Debug|x64
		{A0EA6E76-98DE-4AC1-9F2E-50616DE28893}.Debug|x86.ActiveCfg = Debug|Win32
		{A0EA6E76-98DE-4AC1-9F2E-50616DE28893}.Debug|x86.Build.0 = Debug|Win32
		{A0EA6E76-98DE-4AC1-9F2E-50616DE28893}.Release|x64.ActiveCfg = Release|x64
		{A0EA6E76-98DE-4AC1-9F2E-50616DE28893}.Release|x64.Build.0 = Release|x64
		{A0EA6E76-98DE-4AC1-9F2E-50616DE28893}.Release|x86.ActiveCfg = Release|Win32
		{A0EA6E76-98DE-4AC1-9F2E-50616DE28893}.Release|x86.Build.0 = Release|Win32
		{10BB6B53-C391-4D70-B513-4A32064B4A11}.Debug|x64.ActiveCfg = Debug|x64
		{10BB6B53-C391-4D70-B513-4A32064B4A11}.Debug|x64.Build.0 = Debug|x64
		{10BB6B53-C391-4D70-B513-4A32064B4A11}.Debug|x86.ActiveCfg = Debug|Win32
		{10BB6B53-C391-4D70-B513-4A32064B4A11}.Debug|x86.Build.0 = Debug|Win32
		{10BB6B53-C391-4D70-B513-4A32064B4A11}.Release|x64.ActiveCfg = Release|x64
		{10BB6B53-C391-4D70-B513-4A32064B4A11}.Release|x64.Build.0 = Release|x64
		{10BB6B53-C391-4D70-B513-4A32064B4A11}.Release|x86.ActiveCfg = Release|Win32
		{10BB6B53-C391-4D70-B513-4A32064B4A11}.Release|x86.Build.0 = Release|Win32
		{AEC2486B-C8A9-4358-AAF2-459F41457235}.Debug|x64.ActiveCfg = Debug|x64
		{AEC2486B-C8A9-4358-AAF2-459F41457235}.Debug|x64.Build.0 = Debug|x64
		{AEC2486B-C8A9-4358-AAF2-459F41457235}.Debug|x86.ActiveCfg = Debug|Win32
		{AEC2486B-C8A9-4358-AAF2-459F41457235}.Debug|x86.Build.0 = Debug|Win32
		{AEC2486B-C8A9-4358-AAF2-459F41457235}.Release|x64.ActiveCfg = Release|x64
		{AEC2486B-C8A9-4358-AAF2-459F41457235}.Release|x64.Build.0 = Release|x64
		{AEC2486B-C8A9-4358-AAF2-459F41457235}.Release|x86.ActiveCfg = Release|Win32
		{AEC2486B-C8A9-4358-AAF2-459F41457235}.Release|x86.Build.0 = Release|Win32
		{93E4CDF5-04AD-4329-AF4A-925D367DD6D4}.Debug|x64.ActiveCfg = Debug|x64
		{93E4CDF5-04AD-4329-AF4A-925D367DD6D4}.Debug|x64.Build.0 = Debug|x64
		{93E4CDF5-04AD-4329-AF4A-925D367DD6D4}.Debug|x86.ActiveCfg = Debug|Win32
		{93E4CDF5-04AD-4329-AF4A-925D367DD6D4}.Debug|x86.Build.0 = Debug|Win32
		{93E4CDF5-04AD-4329-AF4A-925D367DD6D4}.Release|x64.ActiveCfg = Release|x64
		{93E4CDF5-04AD-4329-AF4A-925D367DD6D4}.Release|x64.Build.0 = Release|x64
		{93E4CDF5-04AD-4329-AF4A-925D367DD6D4}.Release|x86.ActiveCfg = Release|Win32
		{93E4CDF5-04AD-4329-AF4A-925D367DD6D4}.Release|x86.Build.0 = Release|Win32
		{7DEC6FD7-A7A7-42A0-BC75-0905AFE53CF3}.Debug|x64.ActiveCfg = Debug|x64
		{7DEC6FD7-A7A7-42A0-BC75-0905AFE53CF3}.Debug|x64.Build.0 = Debug|x64
		{7DEC6FD7-A7A7-42A0-BC75-0905AFE53CF3}.Debug|x86.ActiveCfg = Debug|Win32
		{7DEC6FD7-A7A7-42A0-BC75-0905AFE53CF3}.Debug|x86.Build.0 = Debug|Win32
		{7DEC6FD7-A7A7-42A0-BC75-0905AFE53CF3}.Release|x64.ActiveCfg = Release|x64
		{7DEC6FD7-A7A7-42A0-BC75-0905AFE53CF3}.Release|x64.Build.0 = Release|x64
		{7DEC6FD7-A7A7-42A0-BC75-0905AFE53CF3}.Release|x86.ActiveCfg = Release|Win32
		{7DEC6FD7-A7A7-42A0-BC75-0905AFE53CF3}.Release|x86.Build.0 = Release|Win32
		{39CDE34A-B800-4F3A-AF90-EFAA50EA9E50}.Debug|x64.ActiveCfg = Debug|x64
		{39CDE34A-B800-4F3A-AF90-EFAA50EA9E50}.Debug|x64.Build.0 = Debug|x64
		{39CDE34A-B800-4F3A-AF90-EFAA50EA9E50}.Debug|x86.ActiveCfg = Debug|Win32
		{39CDE34A-B800-4F3A-AF90-EFAA50EA9E50}.Debug|x86.Build.0 = Debug|Win32
		{39CDE34A-B800-4F3A-AF90-EFAA50EA9E50}.Release|x64.ActiveCfg = Release|x64
		{39CDE34A-B800-4F3A-AF90-EFAA50EA9E50}.Release|x64.Build.0 = Release|x64
		{39CDE34A-B800-4F3A-AF90-EFAA50EA9E50}.Release|x86.ActiveCfg = Release|Win32
		{39CDE34A-B800-4F3A-AF90-EFAA50EA9E50}.Release|x86.Build.0 = Release|Win32
		{F44CCDB8-1131-4385-AE76-42F52D1FB1E1}.Debug|x64.ActiveCfg = Debug|x64
		{F44CCDB8-1131-4385-AE76-42F52D1FB1E1}.Debug|x64.Build.0 = Debug|x64
		{F44CCDB8-1131-4385-AE76-42F52D1FB1E1}.Debug|x86.ActiveCfg = Debug|Win32
		{F44CCDB8-1131-4385-AE76-42F52D1FB1E1}.Debug|x86.Build.0 = Debug|Win32
		{F44CCDB8-1131-4385-AE76-42F52D1FB1E1}.Release|x64.ActiveCfg = Release|x64
		{F44CCDB8-1131-4385-AE76-42F52D1FB1E1}.Release|x64.Build.0 = Release|x64
		{F44CCDB8-1131-4385-AE76-42F52D1FB1E1}.Release|x86.ActiveCfg = Release|Win32
		{F44CCDB8-1131-4385-AE76-42F52D1FB1E1}.Release|x86.Build.0 = Release|Win32
	EndGlobalSection
	GlobalSection(SolutionProperties) = preSolution
		HideSolutionNode = FALSE
	EndGlobalSection
	GlobalSection(ExtensibilityGlobals) = postSolution
		SolutionGuid = {0A175EAD-62DE-48BD-B8F4-21DE6589DA03}
	EndGlobalSection
EndGlobal
