
Microsoft Visual Studio Solution File, Format Version 12.00
# Visual Studio Version 17
VisualStudioVersion = 17.9.34723.18
MinimumVisualStudioVersion = 10.0.40219.1
Project("{8BC9CEB8-8B4A-11D0-8D11-00A0C91BC942}") = "homewrok8", "homewrok8.vcxproj", "{CBD1513A-C9BE-4C80-8476-209B45CCA501}"
EndProject
Project("{8BC9CEB8-8B4A-11D0-8D11-00A0C91BC942}") = "Graph_source", "..\Graph_source\Graph_source.vcxproj", "{1B59E263-5F87-4EE6-8C70-BFAAA646B433}"
EndProject
Project("{8BC9CEB8-8B4A-11D0-8D11-00A0C91BC942}") = "Task1", "..\Task1\Task1.vcxproj", "{E9E896C3-FEEA-492E-8879-04B10E118457}"
EndProject
Global
	GlobalSection(SolutionConfigurationPlatforms) = preSolution
		Debug|x64 = Debug|x64
		Debug|x86 = Debug|x86
		Release|x64 = Release|x64
		Release|x86 = Release|x86
	EndGlobalSection
	GlobalSection(ProjectConfigurationPlatforms) = postSolution
		{CBD1513A-C9BE-4C80-8476-209B45CCA501}.Debug|x64.ActiveCfg = Debug|x64
		{CBD1513A-C9BE-4C80-8476-209B45CCA501}.Debug|x64.Build.0 = Debug|x64
		{CBD1513A-C9BE-4C80-8476-209B45CCA501}.Debug|x86.ActiveCfg = Debug|Win32
		{CBD1513A-C9BE-4C80-8476-209B45CCA501}.Debug|x86.Build.0 = Debug|Win32
		{CBD1513A-C9BE-4C80-8476-209B45CCA501}.Release|x64.ActiveCfg = Release|x64
		{CBD1513A-C9BE-4C80-8476-209B45CCA501}.Release|x64.Build.0 = Release|x64
		{CBD1513A-C9BE-4C80-8476-209B45CCA501}.Release|x86.ActiveCfg = Release|Win32
		{CBD1513A-C9BE-4C80-8476-209B45CCA501}.Release|x86.Build.0 = Release|Win32
		{1B59E263-5F87-4EE6-8C70-BFAAA646B433}.Debug|x64.ActiveCfg = Debug|x64
		{1B59E263-5F87-4EE6-8C70-BFAAA646B433}.Debug|x64.Build.0 = Debug|x64
		{1B59E263-5F87-4EE6-8C70-BFAAA646B433}.Debug|x86.ActiveCfg = Debug|Win32
		{1B59E263-5F87-4EE6-8C70-BFAAA646B433}.Debug|x86.Build.0 = Debug|Win32
		{1B59E263-5F87-4EE6-8C70-BFAAA646B433}.Release|x64.ActiveCfg = Release|x64
		{1B59E263-5F87-4EE6-8C70-BFAAA646B433}.Release|x64.Build.0 = Release|x64
		{1B59E263-5F87-4EE6-8C70-BFAAA646B433}.Release|x86.ActiveCfg = Release|Win32
		{1B59E263-5F87-4EE6-8C70-BFAAA646B433}.Release|x86.Build.0 = Release|Win32
		{E9E896C3-FEEA-492E-8879-04B10E118457}.Debug|x64.ActiveCfg = Debug|x64
		{E9E896C3-FEEA-492E-8879-04B10E118457}.Debug|x64.Build.0 = Debug|x64
		{E9E896C3-FEEA-492E-8879-04B10E118457}.Debug|x86.ActiveCfg = Debug|Win32
		{E9E896C3-FEEA-492E-8879-04B10E118457}.Debug|x86.Build.0 = Debug|Win32
		{E9E896C3-FEEA-492E-8879-04B10E118457}.Release|x64.ActiveCfg = Release|x64
		{E9E896C3-FEEA-492E-8879-04B10E118457}.Release|x64.Build.0 = Release|x64
		{E9E896C3-FEEA-492E-8879-04B10E118457}.Release|x86.ActiveCfg = Release|Win32
		{E9E896C3-FEEA-492E-8879-04B10E118457}.Release|x86.Build.0 = Release|Win32
	EndGlobalSection
	GlobalSection(SolutionProperties) = preSolution
		HideSolutionNode = FALSE
	EndGlobalSection
	GlobalSection(ExtensibilityGlobals) = postSolution
		SolutionGuid = {461BE7EF-3572-4D9B-A04C-66D9BF3DBE27}
	EndGlobalSection
EndGlobal
